
Microsoft Visual Studio Solution File, Format Version 12.00
# Visual Studio Version 17
VisualStudioVersion = 17.8.34330.188
MinimumVisualStudioVersion = 10.0.40219.1
Project("{FAE04EC0-301F-11D3-BF4B-00C04F79EFBC}") = "e-commerce.API", "e-commerce.API\e-commerce.API.csproj", "{69C548E7-1F3B-4786-A578-AF4FEC580F7C}"
EndProject
Global
	GlobalSection(SolutionConfigurationPlatforms) = preSolution
		Debug|Any CPU = Debug|Any CPU
		Release|Any CPU = Release|Any CPU
	EndGlobalSection
	GlobalSection(ProjectConfigurationPlatforms) = postSolution
		{69C548E7-1F3B-4786-A578-AF4FEC580F7C}.Debug|Any CPU.ActiveCfg = Debug|Any CPU
		{69C548E7-1F3B-4786-A578-AF4FEC580F7C}.Debug|Any CPU.Build.0 = Debug|Any CPU
		{69C548E7-1F3B-4786-A578-AF4FEC580F7C}.Release|Any CPU.ActiveCfg = Release|Any CPU
		{69C548E7-1F3B-4786-A578-AF4FEC580F7C}.Release|Any CPU.Build.0 = Release|Any CPU
	EndGlobalSection
	GlobalSection(SolutionProperties) = preSolution
		HideSolutionNode = FALSE
	EndGlobalSection
	GlobalSection(ExtensibilityGlobals) = postSolution
		SolutionGuid = {122370BE-2AA6-4833-8883-F1E0260895E8}
	EndGlobalSection
EndGlobal
